
Microsoft Visual Studio Solution File, Format Version 12.00
# Visual Studio 2012
Project("{FAE04EC0-301F-11D3-BF4B-00C04F79EFBC}") = "Resonance.Insight3.Web", "Resonance.Insight3.Web\Resonance.Insight3.Web.csproj", "{A164F284-22D3-4140-A8C4-BC85E349ED0A}"
EndProject
Global
	GlobalSection(TeamFoundationVersionControl) = preSolution
		SccNumberOfProjects = 1
		SccEnterpriseProvider = {4CA58AB2-18FA-4F8D-95D4-32DDF27D184C}
		SccTeamFoundationServer = http://s19.tfshosted.com:8080/tfs/certona
		SccProjectUniqueName0 = Resonance.Insight3.Web\\Resonance.Insight3.Web.csproj
		SccProjectName0 = Resonance.Insight3.Web
		SccAuxPath0 = http://s19.tfshosted.com:8080/tfs/certona
		SccLocalPath0 = Resonance.Insight3.Web
		SccProvider0 = {4CA58AB2-18FA-4F8D-95D4-32DDF27D184C}
	EndGlobalSection
	GlobalSection(SolutionConfigurationPlatforms) = preSolution
		Debug|Any CPU = Debug|Any CPU
		Release|Any CPU = Release|Any CPU
	EndGlobalSection
	GlobalSection(ProjectConfigurationPlatforms) = postSolution
		{A164F284-22D3-4140-A8C4-BC85E349ED0A}.Debug|Any CPU.ActiveCfg = Debug|Any CPU
		{A164F284-22D3-4140-A8C4-BC85E349ED0A}.Debug|Any CPU.Build.0 = Debug|Any CPU
		{A164F284-22D3-4140-A8C4-BC85E349ED0A}.Release|Any CPU.ActiveCfg = Release|Any CPU
		{A164F284-22D3-4140-A8C4-BC85E349ED0A}.Release|Any CPU.Build.0 = Release|Any CPU
	EndGlobalSection
	GlobalSection(SolutionProperties) = preSolution
		HideSolutionNode = FALSE
	EndGlobalSection
EndGlobal
